
Microsoft Visual Studio Solution File, Format Version 12.00
# Visual Studio Version 16
VisualStudioVersion = 16.0.30611.23
MinimumVisualStudioVersion = 10.0.40219.1
Project("{FAE04EC0-301F-11D3-BF4B-00C04F79EFBC}") = "Capa_Datos", "Capa_Datos\Capa_Datos.csproj", "{B73AB597-B507-4029-AEBE-891A1AC99326}"
EndProject
Project("{FAE04EC0-301F-11D3-BF4B-00C04F79EFBC}") = "Capa_Entidad", "Capa_Entidad\Capa_Entidad.csproj", "{05150158-852B-4B8B-96E5-72339C197B8B}"
EndProject
Project("{FAE04EC0-301F-11D3-BF4B-00C04F79EFBC}") = "Capa_Negocio", "Capa_Negocio\Capa_Negocio.csproj", "{0CB30D1A-0144-4416-B88E-4FC20731F302}"
EndProject
Project("{FAE04EC0-301F-11D3-BF4B-00C04F79EFBC}") = "CapaPresentacion", "CapaPresentacion\CapaPresentacion.csproj", "{2B5F30F7-FBA9-4730-8E51-ED91B73A0919}"
EndProject
Project("{FAE04EC0-301F-11D3-BF4B-00C04F79EFBC}") = "Capa_Servicios", "Capa_Servicios\Capa_Servicios.csproj", "{55C0D06D-949D-49DF-90AC-65335F16E5A9}"
EndProject
Global
	GlobalSection(SolutionConfigurationPlatforms) = preSolution
		Debug|Any CPU = Debug|Any CPU
		Release|Any CPU = Release|Any CPU
	EndGlobalSection
	GlobalSection(ProjectConfigurationPlatforms) = postSolution
		{B73AB597-B507-4029-AEBE-891A1AC99326}.Debug|Any CPU.ActiveCfg = Debug|Any CPU
		{B73AB597-B507-4029-AEBE-891A1AC99326}.Debug|Any CPU.Build.0 = Debug|Any CPU
		{B73AB597-B507-4029-AEBE-891A1AC99326}.Release|Any CPU.ActiveCfg = Release|Any CPU
		{B73AB597-B507-4029-AEBE-891A1AC99326}.Release|Any CPU.Build.0 = Release|Any CPU
		{05150158-852B-4B8B-96E5-72339C197B8B}.Debug|Any CPU.ActiveCfg = Debug|Any CPU
		{05150158-852B-4B8B-96E5-72339C197B8B}.Debug|Any CPU.Build.0 = Debug|Any CPU
		{05150158-852B-4B8B-96E5-72339C197B8B}.Release|Any CPU.ActiveCfg = Release|Any CPU
		{05150158-852B-4B8B-96E5-72339C197B8B}.Release|Any CPU.Build.0 = Release|Any CPU
		{0CB30D1A-0144-4416-B88E-4FC20731F302}.Debug|Any CPU.ActiveCfg = Debug|Any CPU
		{0CB30D1A-0144-4416-B88E-4FC20731F302}.Debug|Any CPU.Build.0 = Debug|Any CPU
		{0CB30D1A-0144-4416-B88E-4FC20731F302}.Release|Any CPU.ActiveCfg = Release|Any CPU
		{0CB30D1A-0144-4416-B88E-4FC20731F302}.Release|Any CPU.Build.0 = Release|Any CPU
		{2B5F30F7-FBA9-4730-8E51-ED91B73A0919}.Debug|Any CPU.ActiveCfg = Debug|Any CPU
		{2B5F30F7-FBA9-4730-8E51-ED91B73A0919}.Debug|Any CPU.Build.0 = Debug|Any CPU
		{2B5F30F7-FBA9-4730-8E51-ED91B73A0919}.Release|Any CPU.ActiveCfg = Release|Any CPU
		{2B5F30F7-FBA9-4730-8E51-ED91B73A0919}.Release|Any CPU.Build.0 = Release|Any CPU
		{55C0D06D-949D-49DF-90AC-65335F16E5A9}.Debug|Any CPU.ActiveCfg = Debug|Any CPU
		{55C0D06D-949D-49DF-90AC-65335F16E5A9}.Debug|Any CPU.Build.0 = Debug|Any CPU
		{55C0D06D-949D-49DF-90AC-65335F16E5A9}.Release|Any CPU.ActiveCfg = Release|Any CPU
		{55C0D06D-949D-49DF-90AC-65335F16E5A9}.Release|Any CPU.Build.0 = Release|Any CPU
	EndGlobalSection
	GlobalSection(SolutionProperties) = preSolution
		HideSolutionNode = FALSE
	EndGlobalSection
	GlobalSection(ExtensibilityGlobals) = postSolution
		SolutionGuid = {5DBCC1D5-903D-4612-96E5-82C9C31F6BEB}
	EndGlobalSection
EndGlobal
